
Microsoft Visual Studio Solution File, Format Version 12.00
# Visual Studio 15
VisualStudioVersion = 15.0.26430.6
MinimumVisualStudioVersion = 10.0.40219.1
Project("{FAE04EC0-301F-11D3-BF4B-00C04F79EFBC}") = "Camel'sBack", "Camel'sBack\Camel'sBack.csproj", "{DD5E13B0-0CF4-429D-81D3-251B2477D2E7}"
EndProject
Global
	GlobalSection(SolutionConfigurationPlatforms) = preSolution
		Debug|Any CPU = Debug|Any CPU
		Release|Any CPU = Release|Any CPU
	EndGlobalSection
	GlobalSection(ProjectConfigurationPlatforms) = postSolution
		{DD5E13B0-0CF4-429D-81D3-251B2477D2E7}.Debug|Any CPU.ActiveCfg = Debug|Any CPU
		{DD5E13B0-0CF4-429D-81D3-251B2477D2E7}.Debug|Any CPU.Build.0 = Debug|Any CPU
		{DD5E13B0-0CF4-429D-81D3-251B2477D2E7}.Release|Any CPU.ActiveCfg = Release|Any CPU
		{DD5E13B0-0CF4-429D-81D3-251B2477D2E7}.Release|Any CPU.Build.0 = Release|Any CPU
	EndGlobalSection
	GlobalSection(SolutionProperties) = preSolution
		HideSolutionNode = FALSE
	EndGlobalSection
EndGlobal
