
Microsoft Visual Studio Solution File, Format Version 12.00
# Visual Studio 15
VisualStudioVersion = 15.0.26430.6
MinimumVisualStudioVersion = 10.0.40219.1
Project("{FAE04EC0-301F-11D3-BF4B-00C04F79EFBC}") = "CypherRoulette2", "CypherRoulette2\CypherRoulette2.csproj", "{656EBA37-93FF-421B-B1AB-9A02C20D7054}"
EndProject
Global
	GlobalSection(SolutionConfigurationPlatforms) = preSolution
		Debug|Any CPU = Debug|Any CPU
		Release|Any CPU = Release|Any CPU
	EndGlobalSection
	GlobalSection(ProjectConfigurationPlatforms) = postSolution
		{656EBA37-93FF-421B-B1AB-9A02C20D7054}.Debug|Any CPU.ActiveCfg = Debug|Any CPU
		{656EBA37-93FF-421B-B1AB-9A02C20D7054}.Debug|Any CPU.Build.0 = Debug|Any CPU
		{656EBA37-93FF-421B-B1AB-9A02C20D7054}.Release|Any CPU.ActiveCfg = Release|Any CPU
		{656EBA37-93FF-421B-B1AB-9A02C20D7054}.Release|Any CPU.Build.0 = Release|Any CPU
	EndGlobalSection
	GlobalSection(SolutionProperties) = preSolution
		HideSolutionNode = FALSE
	EndGlobalSection
EndGlobal
