
Microsoft Visual Studio Solution File, Format Version 12.00
# Visual Studio 15
VisualStudioVersion = 15.0.26430.6
MinimumVisualStudioVersion = 10.0.40219.1
Project("{FAE04EC0-301F-11D3-BF4B-00C04F79EFBC}") = "VowelsSum2", "VowelsSum2\VowelsSum2.csproj", "{F328F402-8A00-4D60-B0DB-0C82018DD5BF}"
EndProject
Global
	GlobalSection(SolutionConfigurationPlatforms) = preSolution
		Debug|Any CPU = Debug|Any CPU
		Release|Any CPU = Release|Any CPU
	EndGlobalSection
	GlobalSection(ProjectConfigurationPlatforms) = postSolution
		{F328F402-8A00-4D60-B0DB-0C82018DD5BF}.Debug|Any CPU.ActiveCfg = Debug|Any CPU
		{F328F402-8A00-4D60-B0DB-0C82018DD5BF}.Debug|Any CPU.Build.0 = Debug|Any CPU
		{F328F402-8A00-4D60-B0DB-0C82018DD5BF}.Release|Any CPU.ActiveCfg = Release|Any CPU
		{F328F402-8A00-4D60-B0DB-0C82018DD5BF}.Release|Any CPU.Build.0 = Release|Any CPU
	EndGlobalSection
	GlobalSection(SolutionProperties) = preSolution
		HideSolutionNode = FALSE
	EndGlobalSection
EndGlobal
