
Microsoft Visual Studio Solution File, Format Version 12.00
# Visual Studio 15
VisualStudioVersion = 15.0.26430.6
MinimumVisualStudioVersion = 10.0.40219.1
Project("{FAE04EC0-301F-11D3-BF4B-00C04F79EFBC}") = "DrawFort2", "DrawFort2\DrawFort2.csproj", "{C612F849-C8A6-426D-BD35-92247186C29E}"
EndProject
Global
	GlobalSection(SolutionConfigurationPlatforms) = preSolution
		Debug|Any CPU = Debug|Any CPU
		Release|Any CPU = Release|Any CPU
	EndGlobalSection
	GlobalSection(ProjectConfigurationPlatforms) = postSolution
		{C612F849-C8A6-426D-BD35-92247186C29E}.Debug|Any CPU.ActiveCfg = Debug|Any CPU
		{C612F849-C8A6-426D-BD35-92247186C29E}.Debug|Any CPU.Build.0 = Debug|Any CPU
		{C612F849-C8A6-426D-BD35-92247186C29E}.Release|Any CPU.ActiveCfg = Release|Any CPU
		{C612F849-C8A6-426D-BD35-92247186C29E}.Release|Any CPU.Build.0 = Release|Any CPU
	EndGlobalSection
	GlobalSection(SolutionProperties) = preSolution
		HideSolutionNode = FALSE
	EndGlobalSection
EndGlobal
