
Microsoft Visual Studio Solution File, Format Version 12.00
# Visual Studio 15
VisualStudioVersion = 15.0.26430.6
MinimumVisualStudioVersion = 10.0.40219.1
Project("{FAE04EC0-301F-11D3-BF4B-00C04F79EFBC}") = "Vacantion", "Vacantion\Vacantion.csproj", "{5219A33D-D97D-49F1-9D24-9C03A4B6C816}"
EndProject
Global
	GlobalSection(SolutionConfigurationPlatforms) = preSolution
		Debug|Any CPU = Debug|Any CPU
		Release|Any CPU = Release|Any CPU
	EndGlobalSection
	GlobalSection(ProjectConfigurationPlatforms) = postSolution
		{5219A33D-D97D-49F1-9D24-9C03A4B6C816}.Debug|Any CPU.ActiveCfg = Debug|Any CPU
		{5219A33D-D97D-49F1-9D24-9C03A4B6C816}.Debug|Any CPU.Build.0 = Debug|Any CPU
		{5219A33D-D97D-49F1-9D24-9C03A4B6C816}.Release|Any CPU.ActiveCfg = Release|Any CPU
		{5219A33D-D97D-49F1-9D24-9C03A4B6C816}.Release|Any CPU.Build.0 = Release|Any CPU
	EndGlobalSection
	GlobalSection(SolutionProperties) = preSolution
		HideSolutionNode = FALSE
	EndGlobalSection
EndGlobal
