
Microsoft Visual Studio Solution File, Format Version 12.00
# Visual Studio 15
VisualStudioVersion = 15.0.26430.6
MinimumVisualStudioVersion = 10.0.40219.1
Project("{FAE04EC0-301F-11D3-BF4B-00C04F79EFBC}") = "CriticalBreakpoint", "CriticalBreakpoint\CriticalBreakpoint.csproj", "{7CE54BB9-5D69-4DC9-8ED5-38430E96673D}"
EndProject
Global
	GlobalSection(SolutionConfigurationPlatforms) = preSolution
		Debug|Any CPU = Debug|Any CPU
		Release|Any CPU = Release|Any CPU
	EndGlobalSection
	GlobalSection(ProjectConfigurationPlatforms) = postSolution
		{7CE54BB9-5D69-4DC9-8ED5-38430E96673D}.Debug|Any CPU.ActiveCfg = Debug|Any CPU
		{7CE54BB9-5D69-4DC9-8ED5-38430E96673D}.Debug|Any CPU.Build.0 = Debug|Any CPU
		{7CE54BB9-5D69-4DC9-8ED5-38430E96673D}.Release|Any CPU.ActiveCfg = Release|Any CPU
		{7CE54BB9-5D69-4DC9-8ED5-38430E96673D}.Release|Any CPU.Build.0 = Release|Any CPU
	EndGlobalSection
	GlobalSection(SolutionProperties) = preSolution
		HideSolutionNode = FALSE
	EndGlobalSection
EndGlobal
