
Microsoft Visual Studio Solution File, Format Version 12.00
# Visual Studio 15
VisualStudioVersion = 15.0.26430.6
MinimumVisualStudioVersion = 10.0.40219.1
Project("{FAE04EC0-301F-11D3-BF4B-00C04F79EFBC}") = "EvenPowersOf2", "EvenPowersOf2\EvenPowersOf2.csproj", "{B96CDA81-0CF8-47BE-AC2D-6C788A901A50}"
EndProject
Global
	GlobalSection(SolutionConfigurationPlatforms) = preSolution
		Debug|Any CPU = Debug|Any CPU
		Release|Any CPU = Release|Any CPU
	EndGlobalSection
	GlobalSection(ProjectConfigurationPlatforms) = postSolution
		{B96CDA81-0CF8-47BE-AC2D-6C788A901A50}.Debug|Any CPU.ActiveCfg = Debug|Any CPU
		{B96CDA81-0CF8-47BE-AC2D-6C788A901A50}.Debug|Any CPU.Build.0 = Debug|Any CPU
		{B96CDA81-0CF8-47BE-AC2D-6C788A901A50}.Release|Any CPU.ActiveCfg = Release|Any CPU
		{B96CDA81-0CF8-47BE-AC2D-6C788A901A50}.Release|Any CPU.Build.0 = Release|Any CPU
	EndGlobalSection
	GlobalSection(SolutionProperties) = preSolution
		HideSolutionNode = FALSE
	EndGlobalSection
EndGlobal
