
Microsoft Visual Studio Solution File, Format Version 12.00
# Visual Studio 15
VisualStudioVersion = 15.0.26430.6
MinimumVisualStudioVersion = 10.0.40219.1
Project("{FAE04EC0-301F-11D3-BF4B-00C04F79EFBC}") = "TrainingLab", "TrainingLab\TrainingLab.csproj", "{E0A0B41F-CAB8-47C4-BD2C-D6CCB95F474D}"
EndProject
Global
	GlobalSection(SolutionConfigurationPlatforms) = preSolution
		Debug|Any CPU = Debug|Any CPU
		Release|Any CPU = Release|Any CPU
	EndGlobalSection
	GlobalSection(ProjectConfigurationPlatforms) = postSolution
		{E0A0B41F-CAB8-47C4-BD2C-D6CCB95F474D}.Debug|Any CPU.ActiveCfg = Debug|Any CPU
		{E0A0B41F-CAB8-47C4-BD2C-D6CCB95F474D}.Debug|Any CPU.Build.0 = Debug|Any CPU
		{E0A0B41F-CAB8-47C4-BD2C-D6CCB95F474D}.Release|Any CPU.ActiveCfg = Release|Any CPU
		{E0A0B41F-CAB8-47C4-BD2C-D6CCB95F474D}.Release|Any CPU.Build.0 = Release|Any CPU
	EndGlobalSection
	GlobalSection(SolutionProperties) = preSolution
		HideSolutionNode = FALSE
	EndGlobalSection
EndGlobal
