
Microsoft Visual Studio Solution File, Format Version 12.00
# Visual Studio 15
VisualStudioVersion = 15.0.26430.6
MinimumVisualStudioVersion = 10.0.40219.1
Project("{FAE04EC0-301F-11D3-BF4B-00C04F79EFBC}") = "Choreography", "Choreography\Choreography.csproj", "{9B2EC16F-8FA4-4D73-99D7-394FF47FABAF}"
EndProject
Global
	GlobalSection(SolutionConfigurationPlatforms) = preSolution
		Debug|Any CPU = Debug|Any CPU
		Release|Any CPU = Release|Any CPU
	EndGlobalSection
	GlobalSection(ProjectConfigurationPlatforms) = postSolution
		{9B2EC16F-8FA4-4D73-99D7-394FF47FABAF}.Debug|Any CPU.ActiveCfg = Debug|Any CPU
		{9B2EC16F-8FA4-4D73-99D7-394FF47FABAF}.Debug|Any CPU.Build.0 = Debug|Any CPU
		{9B2EC16F-8FA4-4D73-99D7-394FF47FABAF}.Release|Any CPU.ActiveCfg = Release|Any CPU
		{9B2EC16F-8FA4-4D73-99D7-394FF47FABAF}.Release|Any CPU.Build.0 = Release|Any CPU
	EndGlobalSection
	GlobalSection(SolutionProperties) = preSolution
		HideSolutionNode = FALSE
	EndGlobalSection
EndGlobal
